// !$*UTF8*$!
{
	archiveVersion = 1;
	classes = {
	};
	objectVersion = 50;
	objects = {

/* Begin PBXBuildFile section */
		79E599AB25AB97E500B5904C /* AppDelegate.swift in Sources */ = {isa = PBXBuildFile; fileRef = 79E599AA25AB97E500B5904C /* AppDelegate.swift */; };
		79E599AD25AB97E500B5904C /* SceneDelegate.swift in Sources */ = {isa = PBXBuildFile; fileRef = 79E599AC25AB97E500B5904C /* SceneDelegate.swift */; };
		79E599AF25AB97E500B5904C /* ContentView.swift in Sources */ = {isa = PBXBuildFile; fileRef = 79E599AE25AB97E500B5904C /* ContentView.swift */; };
		79E599B125AB97E600B5904C /* Assets.xcassets in Resources */ = {isa = PBXBuildFile; fileRef = 79E599B025AB97E600B5904C /* Assets.xcassets */; };
		79E599B425AB97E600B5904C /* Preview Assets.xcassets in Resources */ = {isa = PBXBuildFile; fileRef = 79E599B325AB97E600B5904C /* Preview Assets.xcassets */; };
		79E599B725AB97E600B5904C /* LaunchScreen.storyboard in Resources */ = {isa = PBXBuildFile; fileRef = 79E599B525AB97E600B5904C /* LaunchScreen.storyboard */; };
/* End PBXBuildFile section */

/* Begin PBXFileReference section */
		79E599A725AB97E500B5904C /* RichardCard.app */ = {isa = PBXFileReference; explicitFileType = wrapper.application; includeInIndex = 0; path = RichardCard.app; sourceTree = BUILT_PRODUCTS_DIR; };
		79E599AA25AB97E500B5904C /* AppDelegate.swift */ = {isa = PBXFileReference; lastKnownFileType = sourcecode.swift; path = AppDelegate.swift; sourceTree = "<group>"; };
		79E599AC25AB97E500B5904C /* SceneDelegate.swift */ = {isa = PBXFileReference; lastKnownFileType = sourcecode.swift; path = SceneDelegate.swift; sourceTree = "<group>"; };
		79E599AE25AB97E500B5904C /* ContentView.swift */ = {isa = PBXFileReference; lastKnownFileType = sourcecode.swift; path = ContentView.swift; sourceTree = "<group>"; };
		79E599B025AB97E600B5904C /* Assets.xcassets */ = {isa = PBXFileReference; lastKnownFileType = folder.assetcatalog; path = Assets.xcassets; sourceTree = "<group>"; };
		79E599B325AB97E600B5904C /* Preview Assets.xcassets */ = {isa = PBXFileReference; lastKnownFileType = folder.assetcatalog; path = "Preview Assets.xcassets"; sourceTree = "<group>"; };
		79E599B625AB97E600B5904C /* Base */ = {isa = PBXFileReference; lastKnownFileType = file.storyboard; name = Base; path = Base.lproj/LaunchScreen.storyboard; sourceTree = "<group>"; };
		79E599B825AB97E600B5904C /* Info.plist */ = {isa = PBXFileReference; lastKnownFileType = text.plist.xml; path = Info.plist; sourceTree = "<group>"; };
/* End PBXFileReference section */

/* Begin PBXFrameworksBuildPhase section */
		79E599A425AB97E500B5904C /* Frameworks */ = {
			isa = PBXFrameworksBuildPhase;
			buildActionMask = 2147483647;
			files = (
			);
			runOnlyForDeploymentPostprocessing = 0;
		};
/* End PBXFrameworksBuildPhase section */

/* Begin PBXGroup section */
		79E5999E25AB97E500B5904C = {
			isa = PBXGroup;
			children = (
				79E599A925AB97E500B5904C /* RichardCard */,
				79E599A825AB97E500B5904C /* Products */,
			);
			sourceTree = "<group>";
		};
		79E599A825AB97E500B5904C /* Products */ = {
			isa = PBXGroup;
			children = (
				79E599A725AB97E500B5904C /* RichardCard.app */,
			);
			name = Products;
			sourceTree = "<group>";
		};
		79E599A925AB97E500B5904C /* RichardCard */ = {
			isa = PBXGroup;
			children = (
				79E599AA25AB97E500B5904C /* AppDelegate.swift */,
				79E599AC25AB97E500B5904C /* SceneDelegate.swift */,
				79E599AE25AB97E500B5904C /* ContentView.swift */,
				79E599B025AB97E600B5904C /* Assets.xcassets */,
				79E599B525AB97E600B5904C /* LaunchScreen.storyboard */,
				79E599B825AB97E600B5904C /* Info.plist */,
				79E599B225AB97E600B5904C /* Preview Content */,
			);
			path = RichardCard;
			sourceTree = "<group>";
		};
		79E599B225AB97E600B5904C /* Preview Content */ = {
			isa = PBXGroup;
			children = (
				79E599B325AB97E600B5904C /* Preview Assets.xcassets */,
			);
			path = "Preview Content";
			sourceTree = "<group>";
		};
/* End PBXGroup section */

/* Begin PBXNativeTarget section */
		79E599A625AB97E500B5904C /* RichardCard */ = {
			isa = PBXNativeTarget;
			buildConfigurationList = 79E599BB25AB97E600B5904C /* Build configuration list for PBXNativeTarget "RichardCard" */;
			buildPhases = (
				79E599A325AB97E500B5904C /* Sources */,
				79E599A425AB97E500B5904C /* Frameworks */,
				79E599A525AB97E500B5904C /* Resources */,
			);
			buildRules = (
			);
			dependencies = (
			);
			name = RichardCard;
			productName = RichardCard;
			productReference = 79E599A725AB97E500B5904C /* RichardCard.app */;
			productType = "com.apple.product-type.application";
		};
/* End PBXNativeTarget section */

/* Begin PBXProject section */
		79E5999F25AB97E500B5904C /* Project object */ = {
			isa = PBXProject;
			attributes = {
				LastSwiftUpdateCheck = 1230;
				LastUpgradeCheck = 1230;
				TargetAttributes = {
					79E599A625AB97E500B5904C = {
						CreatedOnToolsVersion = 12.3;
					};
				};
			};
			buildConfigurationList = 79E599A225AB97E500B5904C /* Build configuration list for PBXProject "RichardCard" */;
			compatibilityVersion = "Xcode 9.3";
			developmentRegion = en;
			hasScannedForEncodings = 0;
			knownRegions = (
				en,
				Base,
			);
			mainGroup = 79E5999E25AB97E500B5904C;
			productRefGroup = 79E599A825AB97E500B5904C /* Products */;
			projectDirPath = "";
			projectRoot = "";
			targets = (
				79E599A625AB97E500B5904C /* RichardCard */,
			);
		};
/* End PBXProject section */

/* Begin PBXResourcesBuildPhase section */
		79E599A525AB97E500B5904C /* Resources */ = {
			isa = PBXResourcesBuildPhase;
			buildActionMask = 2147483647;
			files = (
				79E599B725AB97E600B5904C /* LaunchScreen.storyboard in Resources */,
				79E599B425AB97E600B5904C /* Preview Assets.xcassets in Resources */,
				79E599B125AB97E600B5904C /* Assets.xcassets in Resources */,
			);
			runOnlyForDeploymentPostprocessing = 0;
		};
/* End PBXResourcesBuildPhase section */

/* Begin PBXSourcesBuildPhase section */
		79E599A325AB97E500B5904C /* Sources */ = {
			isa = PBXSourcesBuildPhase;
			buildActionMask = 2147483647;
			files = (
				79E599AB25AB97E500B5904C /* AppDelegate.swift in Sources */,
				79E599AD25AB97E500B5904C /* SceneDelegate.swift in Sources */,
				79E599AF25AB97E500B5904C /* ContentView.swift in Sources */,
			);
			runOnlyForDeploymentPostprocessing = 0;
		};
/* End PBXSourcesBuildPhase section */

/* Begin PBXVariantGroup section */
		79E599B525AB97E600B5904C /* LaunchScreen.storyboard */ = {
			isa = PBXVariantGroup;
			children = (
				79E599B625AB97E600B5904C /* Base */,
			);
			name = LaunchScreen.storyboard;
			sourceTree = "<group>";
		};
/* End PBXVariantGroup section */

/* Begin XCBuildConfiguration section */
		79E599B925AB97E600B5904C /* Debug */ = {
			isa = XCBuildConfiguration;
			buildSettings = {
				ALWAYS_SEARCH_USER_PATHS = NO;
				CLANG_ANALYZER_NONNULL = YES;
				CLANG_ANALYZER_NUMBER_OBJECT_CONVERSION = YES_AGGRESSIVE;
				CLANG_CXX_LANGUAGE_STANDARD = "gnu++14";
				CLANG_CXX_LIBRARY = "libc++";
				CLANG_ENABLE_MODULES = YES;
				CLANG_ENABLE_OBJC_ARC = YES;
				CLANG_ENABLE_OBJC_WEAK = YES;
				CLANG_WARN_BLOCK_CAPTURE_AUTORELEASING = YES;
				CLANG_WARN_BOOL_CONVERSION = YES;
				CLANG_WARN_COMMA = YES;
				CLANG_WARN_CONSTANT_CONVERSION = YES;
				CLANG_WARN_DEPRECATED_OBJC_IMPLEMENTATIONS = YES;
				CLANG_WARN_DIRECT_OBJC_ISA_USAGE = YES_ERROR;
				CLANG_WARN_DOCUMENTATION_COMMENTS = YES;
				CLANG_WARN_EMPTY_BODY = YES;
				CLANG_WARN_ENUM_CONVERSION = YES;
				CLANG_WARN_INFINITE_RECURSION = YES;
				CLANG_WARN_INT_CONVERSION = YES;
				CLANG_WARN_NON_LITERAL_NULL_CONVERSION = YES;
				CLANG_WARN_OBJC_IMPLICIT_RETAIN_SELF = YES;
				CLANG_WARN_OBJC_LITERAL_CONVERSION = YES;
				CLANG_WARN_OBJC_ROOT_CLASS = YES_ERROR;
				CLANG_WARN_QUOTED_INCLUDE_IN_FRAMEWORK_HEADER = YES;
				CLANG_WARN_RANGE_LOOP_ANALYSIS = YES;
				CLANG_WARN_STRICT_PROTOTYPES = YES;
				CLANG_WARN_SUSPICIOUS_MOVE = YES;
				CLANG_WARN_UNGUARDED_AVAILABILITY = YES_AGGRESSIVE;
				CLANG_WARN_UNREACHABLE_CODE = YES;
				CLANG_WARN__DUPLICATE_METHOD_MATCH = YES;
				COPY_PHASE_STRIP = NO;
				DEBUG_INFORMATION_FORMAT = dwarf;
				ENABLE_STRICT_OBJC_MSGSEND = YES;
				ENABLE_TESTABILITY = YES;
				GCC_C_LANGUAGE_STANDARD = gnu11;
				GCC_DYNAMIC_NO_PIC = NO;
				GCC_NO_COMMON_BLOCKS = YES;
				GCC_OPTIMIZATION_LEVEL = 0;
				GCC_PREPROCESSOR_DEFINITIONS = (
					"DEBUG=1",
					"$(inherited)",
				);
				GCC_WARN_64_TO_32_BIT_CONVERSION = YES;
				GCC_WARN_ABOUT_RETURN_TYPE = YES_ERROR;
				GCC_WARN_UNDECLARED_SELECTOR = YES;
				GCC_WARN_UNINITIALIZED_AUTOS = YES_AGGRESSIVE;
				GCC_WARN_UNUSED_FUNCTION = YES;
				GCC_WARN_UNUSED_VARIABLE = YES;
				IPHONEOS_DEPLOYMENT_TARGET = 14.3;
				MTL_ENABLE_DEBUG_INFO = INCLUDE_SOURCE;
				MTL_FAST_MATH = YES;
				ONLY_ACTIVE_ARCH = YES;
				SDKROOT = iphoneos;
				SWIFT_ACTIVE_COMPILATION_CONDITIONS = DEBUG;
				SWIFT_OPTIMIZATION_LEVEL = "-Onone";
			};
			name = Debug;
		};
		79E599BA25AB97E600B5904C /* Release */ = {
			isa = XCBuildConfiguration;
			buildSettings = {
				ALWAYS_SEARCH_USER_PATHS = NO;
				CLANG_ANALYZER_NONNULL = YES;
				CLANG_ANALYZER_NUMBER_OBJECT_CONVERSION = YES_AGGRESSIVE;
				CLANG_CXX_LANGUAGE_STANDARD = "gnu++14";
				CLANG_CXX_LIBRARY = "libc++";
				CLANG_ENABLE_MODULES = YES;
				CLANG_ENABLE_OBJC_ARC = YES;
				CLANG_ENABLE_OBJC_WEAK = YES;
				CLANG_WARN_BLOCK_CAPTURE_AUTORELEASING = YES;
				CLANG_WARN_BOOL_CONVERSION = YES;
				CLANG_WARN_COMMA = YES;
				CLANG_WARN_CONSTANT_CONVERSION = YES;
				CLANG_WARN_DEPRECATED_OBJC_IMPLEMENTATIONS = YES;
				CLANG_WARN_DIRECT_OBJC_ISA_USAGE = YES_ERROR;
				CLANG_WARN_DOCUMENTATION_COMMENTS = YES;
				CLANG_WARN_EMPTY_BODY = YES;
				CLANG_WARN_ENUM_CONVERSION = YES;
				CLANG_WARN_INFINITE_RECURSION = YES;
				CLANG_WARN_INT_CONVERSION = YES;
				CLANG_WARN_NON_LITERAL_NULL_CONVERSION = YES;
				CLANG_WARN_OBJC_IMPLICIT_RETAIN_SELF = YES;
				CLANG_WARN_OBJC_LITERAL_CONVERSION = YES;
				CLANG_WARN_OBJC_ROOT_CLASS = YES_ERROR;
				CLANG_WARN_QUOTED_INCLUDE_IN_FRAMEWORK_HEADER = YES;
				CLANG_WARN_RANGE_LOOP_ANALYSIS = YES;
				CLANG_WARN_STRICT_PROTOTYPES = YES;
				CLANG_WARN_SUSPICIOUS_MOVE = YES;
				CLANG_WARN_UNGUARDED_AVAILABILITY = YES_AGGRESSIVE;
				CLANG_WARN_UNREACHABLE_CODE = YES;
				CLANG_WARN__DUPLICATE_METHOD_MATCH = YES;
				COPY_PHASE_STRIP = NO;
				DEBUG_INFORMATION_FORMAT = "dwarf-with-dsym";
				ENABLE_NS_ASSERTIONS = NO;
				ENABLE_STRICT_OBJC_MSGSEND = YES;
				GCC_C_LANGUAGE_STANDARD = gnu11;
				GCC_NO_COMMON_BLOCKS = YES;
				GCC_WARN_64_TO_32_BIT_CONVERSION = YES;
				GCC_WARN_ABOUT_RETURN_TYPE = YES_ERROR;
				GCC_WARN_UNDECLARED_SELECTOR = YES;
				GCC_WARN_UNINITIALIZED_AUTOS = YES_AGGRESSIVE;
				GCC_WARN_UNUSED_FUNCTION = YES;
				GCC_WARN_UNUSED_VARIABLE = YES;
				IPHONEOS_DEPLOYMENT_TARGET = 14.3;
				MTL_ENABLE_DEBUG_INFO = NO;
				MTL_FAST_MATH = YES;
				SDKROOT = iphoneos;
				SWIFT_COMPILATION_MODE = wholemodule;
				SWIFT_OPTIMIZATION_LEVEL = "-O";
				VALIDATE_PRODUCT = YES;
			};
			name = Release;
		};
		79E599BC25AB97E600B5904C /* Debug */ = {
			isa = XCBuildConfiguration;
			buildSettings = {
				ASSETCATALOG_COMPILER_APPICON_NAME = AppIcon;
				ASSETCATALOG_COMPILER_GLOBAL_ACCENT_COLOR_NAME = AccentColor;
				CODE_SIGN_STYLE = Automatic;
				DEVELOPMENT_ASSET_PATHS = "\"RichardCard/Preview Content\"";
				DEVELOPMENT_TEAM = P78VP9JS4J;
				ENABLE_PREVIEWS = YES;
				INFOPLIST_FILE = RichardCard/Info.plist;
				LD_RUNPATH_SEARCH_PATHS = (
					"$(inherited)",
					"@executable_path/Frameworks",
				);
				PRODUCT_BUNDLE_IDENTIFIER = me.richardmiddleton.RichardCard;
				PRODUCT_NAME = "$(TARGET_NAME)";
				SWIFT_VERSION = 5.0;
				TARGETED_DEVICE_FAMILY = "1,2";
			};
			name = Debug;
		};
		79E599BD25AB97E600B5904C /* Release */ = {
			isa = XCBuildConfiguration;
			buildSettings = {
				ASSETCATALOG_COMPILER_APPICON_NAME = AppIcon;
				ASSETCATALOG_COMPILER_GLOBAL_ACCENT_COLOR_NAME = AccentColor;
				CODE_SIGN_STYLE = Automatic;
				DEVELOPMENT_ASSET_PATHS = "\"RichardCard/Preview Content\"";
				DEVELOPMENT_TEAM = P78VP9JS4J;
				ENABLE_PREVIEWS = YES;
				INFOPLIST_FILE = RichardCard/Info.plist;
				LD_RUNPATH_SEARCH_PATHS = (
					"$(inherited)",
					"@executable_path/Frameworks",
				);
				PRODUCT_BUNDLE_IDENTIFIER = me.richardmiddleton.RichardCard;
				PRODUCT_NAME = "$(TARGET_NAME)";
				SWIFT_VERSION = 5.0;
				TARGETED_DEVICE_FAMILY = "1,2";
			};
			name = Release;
		};
/* End XCBuildConfiguration section */

/* Begin XCConfigurationList section */
		79E599A225AB97E500B5904C /* Build configuration list for PBXProject "RichardCard" */ = {
			isa = XCConfigurationList;
			buildConfigurations = (
				79E599B925AB97E600B5904C /* Debug */,
				79E599BA25AB97E600B5904C /* Release */,
			);
			defaultConfigurationIsVisible = 0;
			defaultConfigurationName = Release;
		};
		79E599BB25AB97E600B5904C /* Build configuration list for PBXNativeTarget "RichardCard" */ = {
			isa = XCConfigurationList;
			buildConfigurations = (
				79E599BC25AB97E600B5904C /* Debug */,
				79E599BD25AB97E600B5904C /* Release */,
			);
			defaultConfigurationIsVisible = 0;
			defaultConfigurationName = Release;
		};
/* End XCConfigurationList section */
	};
	rootObject = 79E5999F25AB97E500B5904C /* Project object */;
}
